
Microsoft Visual Studio Solution File, Format Version 12.00
# Visual Studio Version 16
VisualStudioVersion = 16.0.29613.14
MinimumVisualStudioVersion = 10.0.40219.1
Project("{8BC9CEB8-8B4A-11D0-8D11-00A0C91BC942}") = "Caesar cipher", "Caesar cipher\Caesar cipher.vcxproj", "{23C440F6-1CB1-456C-A5E5-238934B1960B}"
EndProject
Global
	GlobalSection(SolutionConfigurationPlatforms) = preSolution
		Debug|x64 = Debug|x64
		Debug|x86 = Debug|x86
		Release|x64 = Release|x64
		Release|x86 = Release|x86
	EndGlobalSection
	GlobalSection(ProjectConfigurationPlatforms) = postSolution
		{23C440F6-1CB1-456C-A5E5-238934B1960B}.Debug|x64.ActiveCfg = Debug|x64
		{23C440F6-1CB1-456C-A5E5-238934B1960B}.Debug|x64.Build.0 = Debug|x64
		{23C440F6-1CB1-456C-A5E5-238934B1960B}.Debug|x86.ActiveCfg = Debug|Win32
		{23C440F6-1CB1-456C-A5E5-238934B1960B}.Debug|x86.Build.0 = Debug|Win32
		{23C440F6-1CB1-456C-A5E5-238934B1960B}.Release|x64.ActiveCfg = Release|x64
		{23C440F6-1CB1-456C-A5E5-238934B1960B}.Release|x64.Build.0 = Release|x64
		{23C440F6-1CB1-456C-A5E5-238934B1960B}.Release|x86.ActiveCfg = Release|Win32
		{23C440F6-1CB1-456C-A5E5-238934B1960B}.Release|x86.Build.0 = Release|Win32
	EndGlobalSection
	GlobalSection(SolutionProperties) = preSolution
		HideSolutionNode = FALSE
	EndGlobalSection
	GlobalSection(ExtensibilityGlobals) = postSolution
		SolutionGuid = {C2E32E84-DC68-4892-ABD4-AEEE6262E57B}
	EndGlobalSection
EndGlobal
